PODS:
  - AFNetworking (2.5.4):
    - AFNetworking/NSURLConnection (= 2.5.4)
    - AFNetworking/NSURLSession (= 2.5.4)
    - AFNetworking/Reachability (= 2.5.4)
    - AFNetworking/Security (= 2.5.4)
    - AFNetworking/Serialization (= 2.5.4)
    - AFNetworking/UIKit (= 2.5.4)
  - AFNetworking/NSURLConnection (2.5.4):
    - AFNetworking/Reachability
    - AFNetworking/Security
    - AFNetworking/Serialization
  - AFNetworking/NSURLSession (2.5.4):
    - AFNetworking/Reachability
    - AFNetworking/Security
    - AFNetworking/Serialization
  - AFNetworking/Reachability (2.5.4)
  - AFNetworking/Security (2.5.4)
  - AFNetworking/Serialization (2.5.4)
  - AFNetworking/UIKit (2.5.4):
    - AFNetworking/NSURLConnection
    - AFNetworking/NSURLSession
  - BlocksKit (2.2.5):
    - BlocksKit/All (= 2.2.5)
  - BlocksKit/All (2.2.5):
    - BlocksKit/Core
    - BlocksKit/DynamicDelegate
    - BlocksKit/MessageUI
    - BlocksKit/UIKit
  - BlocksKit/Core (2.2.5)
  - BlocksKit/DynamicDelegate (2.2.5)
  - BlocksKit/MessageUI (2.2.5):
    - BlocksKit/Core
    - BlocksKit/DynamicDelegate
  - BlocksKit/UIKit (2.2.5):
    - BlocksKit/Core
    - BlocksKit/DynamicDelegate
  - CocoaLumberjack (1.9.2):
    - CocoaLumberjack/Extensions (= 1.9.2)
  - CocoaLumberjack/Core (1.9.2)
  - CocoaLumberjack/Extensions (1.9.2):
    - CocoaLumberjack/Core
  - FlatUIKit (1.6.2)
  - FMDB (2.5):
    - FMDB/standard (= 2.5)
  - FMDB/common (2.5)
  - FMDB/standard (2.5):
    - FMDB/common
  - HMSegmentedControl (1.5.2)
  - IQKeyboardManager (3.2.1.2)
  - JBChartView (2.8.16)
  - KissXML (5.0)
  - MBProgressHUD (0.9.1)
  - OHHTTPStubs (3.1.12):
    - OHHTTPStubs/Core (= 3.1.12)
  - OHHTTPStubs/Core (3.1.12)
  - PEDev-Console (1.0.4):
    - PEObjc-Commons (~> 1.0.20)
    - PESimu-Select (~> 1.0.3)
  - PEFuelPurchase-Common (1.0.12)
  - PEFuelPurchase-Model (1.0.151):
    - CocoaLumberjack (~> 1.9)
    - FMDB (~> 2.5)
    - PEFuelPurchase-Common (~> 1.0.12)
    - PEHateoas-Client (~> 1.0.8)
    - PEObjc-Commons (~> 1.0.79)
    - UICKeyChainStore (~> 2.0.4)
  - PEHateoas-Client (1.0.8):
    - AFNetworking (~> 2.5.4)
    - CocoaLumberjack (~> 1.9)
    - PEObjc-Commons (~> 1.0.73)
  - PEObjc-Commons (1.0.79):
    - BlocksKit (~> 2.2.5)
  - PESimu-Select (1.0.3):
    - PEObjc-Commons (~> 1.0.20)
    - PEWire-Control (~> 1.0.2)
  - PEWire-Control (1.0.4):
    - KissXML (~> 5.0)
    - OHHTTPStubs (~> 3.1.10)
    - PEObjc-Commons (~> 1.0.73)
    - PEXML-Utils (~> 1.0.3)
  - PEXML-Utils (1.0.3):
    - KissXML (~> 5.0)
    - PEObjc-Commons (~> 1.0.73)
  - ReactiveCocoa (2.4.7):
    - ReactiveCocoa/UI (= 2.4.7)
  - ReactiveCocoa/Core (2.4.7):
    - ReactiveCocoa/no-arc
  - ReactiveCocoa/no-arc (2.4.7)
  - ReactiveCocoa/UI (2.4.7):
    - ReactiveCocoa/Core
  - UICKeyChainStore (2.0.7)

DEPENDENCIES:
  - AFNetworking (~> 2.5.4)
  - BlocksKit (~> 2.2.5)
  - CocoaLumberjack (~> 1.9)
  - FlatUIKit (~> 1.6.2)
  - HMSegmentedControl
  - IQKeyboardManager (~> 3.2.1.1)
  - JBChartView
  - KissXML (~> 5.0)
  - MBProgressHUD (~> 0.9.1)
  - OHHTTPStubs (~> 3.1.12)
  - PEDev-Console (~> 1.0.4)
  - PEFuelPurchase-Common (~> 1.0.12)
  - PEFuelPurchase-Model (~> 1.0.151)
  - PEObjc-Commons (~> 1.0.79)
  - ReactiveCocoa (~> 2.4.7)
  - UICKeyChainStore (~> 2.0.5)

SPEC CHECKSUMS:
  AFNetworking: 05edc0ac4c4c8cf57bcf4b84be5b0744b6d8e71e
  BlocksKit: 7f422b971407001178d181a43b99014ea2591fe6
  CocoaLumberjack: 628fca2e88ef06f7cf6817309aa405f325d9a6fa
  FlatUIKit: 1b41f0d4952ce8d970d8479ce79df54a960242c4
  FMDB: 96e8f1bcc1329e269330f99770ad4285d9003e52
  HMSegmentedControl: 83b9686022d2176fb6457d2bdb61e5d6393fed7d
  IQKeyboardManager: 4adcd7cc9c17440a7cb74755f6f6c8389919c6bf
  JBChartView: 8e65b7fbb4e7f1f2c0197575734fce4af1c19e17
  KissXML: ce643413d618ad69886d0d43c3792b7dedfe476e
  MBProgressHUD: c47f2c166c126cf2ce36498d80f33e754d4e93ad
  OHHTTPStubs: 8cf0cfe6f34f13fc88fdf5b2a1b2c2536e8c0261
  PEDev-Console: e950c909066280c4cd17e717c30f2977eb3a0ebe
  PEFuelPurchase-Common: 8b4ed986a89d064914a44d8a922078c9d622f445
  PEFuelPurchase-Model: 08bfb403f002899d3e434d0bc3448d4c611effdc
  PEHateoas-Client: 4eb23cd4a1c106ecab147abd87cd3cacac93d52f
  PEObjc-Commons: 9f668f3e9f773b0a52dd8bc18edd5969ffe643c7
  PESimu-Select: 9ad38adb78e42e79c9f9365f71c9b05215b6ac10
  PEWire-Control: 68a8b1a8ea4b167c2dfc2299b9183bf38600c034
  PEXML-Utils: 47a95ccdbf02bc2a1d69b6d8e99017df9da49f88
  ReactiveCocoa: eb38dee0a0e698f73a9b25e5c1faea2bb4c79240
  UICKeyChainStore: 696cd35083f7c8fb5e201d909b7e6aea6b478575

COCOAPODS: 0.39.0
