PODS:
  - AFNetworking (2.5.2):
    - AFNetworking/NSURLConnection (= 2.5.2)
    - AFNetworking/NSURLSession (= 2.5.2)
    - AFNetworking/Reachability (= 2.5.2)
    - AFNetworking/Security (= 2.5.2)
    - AFNetworking/Serialization (= 2.5.2)
    - AFNetworking/UIKit (= 2.5.2)
  - AFNetworking/NSURLConnection (2.5.2):
    - AFNetworking/Reachability
    - AFNetworking/Security
    - AFNetworking/Serialization
  - AFNetworking/NSURLSession (2.5.2):
    - AFNetworking/Reachability
    - AFNetworking/Security
    - AFNetworking/Serialization
  - AFNetworking/Reachability (2.5.2)
  - AFNetworking/Security (2.5.2)
  - AFNetworking/Serialization (2.5.2)
  - AFNetworking/UIKit (2.5.2):
    - AFNetworking/NSURLConnection
    - AFNetworking/NSURLSession
  - AWPagedArray (0.3.0)
  - BlocksKit (2.2.5):
    - BlocksKit/All (= 2.2.5)
  - BlocksKit/All (2.2.5):
    - BlocksKit/Core
    - BlocksKit/DynamicDelegate
    - BlocksKit/MessageUI
    - BlocksKit/UIKit
  - BlocksKit/Core (2.2.5)
  - BlocksKit/DynamicDelegate (2.2.5)
  - BlocksKit/MessageUI (2.2.5):
    - BlocksKit/Core
    - BlocksKit/DynamicDelegate
  - BlocksKit/UIKit (2.2.5):
    - BlocksKit/Core
    - BlocksKit/DynamicDelegate
  - CocoaLumberjack (1.9.2):
    - CocoaLumberjack/Extensions (= 1.9.2)
  - CocoaLumberjack/Core (1.9.2)
  - CocoaLumberjack/Extensions (1.9.2):
    - CocoaLumberjack/Core
  - FlatUIKit (1.6)
  - FMDB (2.5):
    - FMDB/standard (= 2.5)
  - FMDB/common (2.5)
  - FMDB/standard (2.5):
    - FMDB/common
  - IQKeyboardManager (3.2.1.2)
  - KissXML (5.0)
  - MBProgressHUD (0.9.1)
  - OHHTTPStubs (3.1.11):
    - OHHTTPStubs/Core (= 3.1.11)
  - OHHTTPStubs/Core (3.1.11)
  - PEAppTransaction-Logger (1.0.1):
    - CocoaLumberjack (~> 1.9)
    - FMDB (~> 2.5)
    - PEHateoas-Client (~> 1.0.1)
    - PEObjc-Commons (~> 1.0.1)
  - PEDev-Console (1.0.1):
    - PEObjc-Commons (~> 1.0.1)
    - PESimu-Select (~> 1.0.1)
  - PEFuelPurchase-Common (1.0.1):
    - PEHateoas-Client (~> 1.0.1)
  - PEFuelPurchase-Model (1.0.1):
    - CocoaLumberjack (~> 1.9)
    - FMDB (~> 2.5)
    - PEAppTransaction-Logger (~> 1.0.1)
    - PEFuelPurchase-Common (~> 1.0.1)
    - PEHateoas-Client (~> 1.0.1)
    - UICKeyChainStore (~> 2.0.4)
  - PEHateoas-Client (1.0.1):
    - AFNetworking (~> 2.5.1)
    - CocoaLumberjack (~> 1.9)
    - PEObjc-Commons (~> 1.0.1)
  - PEObjc-Commons (1.0.1):
    - AWPagedArray (~> 0.3.0)
  - PESimu-Select (1.0.1):
    - PEObjc-Commons (~> 1.0.1)
    - PEWire-Control (~> 1.0.1)
  - PEWire-Control (1.0.1):
    - OHHTTPStubs (~> 3.1.10)
    - PEObjc-Commons (~> 1.0.1)
    - PEXML-Utils (~> 1.0.1)
  - PEXML-Utils (1.0.1):
    - KissXML (~> 5.0)
    - PEObjc-Commons (~> 1.0.1)
  - ReactiveCocoa (2.4.7):
    - ReactiveCocoa/UI (= 2.4.7)
  - ReactiveCocoa/Core (2.4.7):
    - ReactiveCocoa/no-arc
  - ReactiveCocoa/no-arc (2.4.7)
  - ReactiveCocoa/UI (2.4.7):
    - ReactiveCocoa/Core
  - SVPullToRefresh (0.4.1)
  - UICKeyChainStore (2.0.4)

DEPENDENCIES:
  - AFNetworking (~> 2.5.1)
  - BlocksKit (~> 2.2.5)
  - CocoaLumberjack (~> 1.9)
  - FlatUIKit (~> 1.6)
  - IQKeyboardManager (~> 3.2.1.1)
  - MBProgressHUD (~> 0.9.1)
  - PEDev-Console (~> 1.0.1)
  - PEFuelPurchase-Model (~> 1.0.1)
  - ReactiveCocoa (~> 2.4.7)
  - SVPullToRefresh (~> 0.4.1)
  - UICKeyChainStore (~> 2.0.4)

SPEC CHECKSUMS:
  AFNetworking: fefbce9660acb17f48ae0011292d4da0f457bf36
  AWPagedArray: 66db32d015a01d921133a4eb50da1d830271c39a
  BlocksKit: 7f422b971407001178d181a43b99014ea2591fe6
  CocoaLumberjack: 628fca2e88ef06f7cf6817309aa405f325d9a6fa
  FlatUIKit: a59c93fe2fde5329dfb71dd9317b1b0386d6a178
  FMDB: 96e8f1bcc1329e269330f99770ad4285d9003e52
  IQKeyboardManager: 4adcd7cc9c17440a7cb74755f6f6c8389919c6bf
  KissXML: ce643413d618ad69886d0d43c3792b7dedfe476e
  MBProgressHUD: c47f2c166c126cf2ce36498d80f33e754d4e93ad
  OHHTTPStubs: 5624a5d20d97d46d47e15a68ca8808b59ccf0512
  PEAppTransaction-Logger: 132951c3b2cab86c259fa5b3465b3b83cebafe1d
  PEDev-Console: 63b20d7ef16aada4dcd236dccef8edb18fdf3035
  PEFuelPurchase-Common: 03f5c67d89b092a8bba9d089b1aedcb817e790e3
  PEFuelPurchase-Model: 271d0d91bac23be51a38e078b7f764c0f9625b07
  PEHateoas-Client: 76ef978d560b0a8e2c8ac0501de80a7cecaa77f1
  PEObjc-Commons: 219537ab6fb54353d0a151996ad53294c605146e
  PESimu-Select: 58c14dfadbefdbfa996cfd94987aa1b74946b483
  PEWire-Control: 408b26f34312ef844d9682c5dc8c8e42ba9c84ff
  PEXML-Utils: f7e0759b8e4e2ec3a39c781b362d7fb233fc8421
  ReactiveCocoa: eb38dee0a0e698f73a9b25e5c1faea2bb4c79240
  SVPullToRefresh: ba2e718695a43253d8bea6852d2960097dc15d8c
  UICKeyChainStore: 69eb0c3a6f669bccf16ba88de3b9069b71501361

COCOAPODS: 0.36.3
