// !$*UTF8*$!
{
	archiveVersion = 1;
	classes = {
	};
	objectVersion = 46;
	objects = {

/* Begin PBXBuildFile section */
		18010C5A180E4752005F5CEB /* FPQuickActionMenuController.m in Sources */ = {isa = PBXBuildFile; fileRef = 18010C59180E4752005F5CEB /* FPQuickActionMenuController.m */; };
		180EDA3019C7C2D200C782A6 /* FPSettingsController.m in Sources */ = {isa = PBXBuildFile; fileRef = 180EDA2F19C7C2D200C782A6 /* FPSettingsController.m */; };
		180EDA3519C7C89B00C782A6 /* FPEditsInProgressController.m in Sources */ = {isa = PBXBuildFile; fileRef = 180EDA3419C7C89B00C782A6 /* FPEditsInProgressController.m */; };
		1822308D1A7042FC00884600 /* NSMutableArray+MoveObject.m in Sources */ = {isa = PBXBuildFile; fileRef = 1822308C1A7042FC00884600 /* NSMutableArray+MoveObject.m */; };
		183E13A518009F9F009E9085 /* fpapi-resource.json in Resources */ = {isa = PBXBuildFile; fileRef = 183E13A418009F9F009E9085 /* fpapi-resource.json */; };
		183E1416180237A2009E9085 /* FPUtils.m in Sources */ = {isa = PBXBuildFile; fileRef = 183E1415180237A2009E9085 /* FPUtils.m */; };
		183E1485180245D6009E9085 /* NSDictionary+FuelPurchase.m in Sources */ = {isa = PBXBuildFile; fileRef = 183E1484180245D6009E9085 /* NSDictionary+FuelPurchase.m */; };
		183E148B1803CB3A009E9085 /* MobileCoreServices.framework in Frameworks */ = {isa = PBXBuildFile; fileRef = 183E148A1803CB3A009E9085 /* MobileCoreServices.framework */; };
		183E148C1803CB40009E9085 /* SystemConfiguration.framework in Frameworks */ = {isa = PBXBuildFile; fileRef = 183E14871803CA54009E9085 /* SystemConfiguration.framework */; };
		184601A219BFF6EC001C1B3A /* libsqlite3.dylib in Frameworks */ = {isa = PBXBuildFile; fileRef = 184601A119BFF6EC001C1B3A /* libsqlite3.dylib */; };
		1865B7D919FDEA7300E98D26 /* FPEnvLogVehicleAndDateDataSourceDelegate.m in Sources */ = {isa = PBXBuildFile; fileRef = 1865B7D819FDEA7300E98D26 /* FPEnvLogVehicleAndDateDataSourceDelegate.m */; };
		186ADB3219E3A1B8003AD788 /* FPFuelStationCoordinatesTableDataSource.m in Sources */ = {isa = PBXBuildFile; fileRef = 186ADB3119E3A1B8003AD788 /* FPFuelStationCoordinatesTableDataSource.m */; };
		186E0B7C19CD237B00CE4B3A /* PEListViewController.m in Sources */ = {isa = PBXBuildFile; fileRef = 186E0B7B19CD237B00CE4B3A /* PEListViewController.m */; };
		1899260E18B3071600B61772 /* simulation in Resources */ = {isa = PBXBuildFile; fileRef = 1899260D18B3071600B61772 /* simulation */; };
		189AC7561A78034500A6CFE3 /* FPLogEnvLogComposite.m in Sources */ = {isa = PBXBuildFile; fileRef = 189AC7551A78034500A6CFE3 /* FPLogEnvLogComposite.m */; };
		18A7E2DC196103C300C107DF /* NSObject+appdelegate.m in Sources */ = {isa = PBXBuildFile; fileRef = 18A7E2DB196103C300C107DF /* NSObject+appdelegate.m */; };
		18AC0722181ACC8C001FF24E /* FPLogging.m in Sources */ = {isa = PBXBuildFile; fileRef = 18AC0721181ACC8C001FF24E /* FPLogging.m */; };
		18B17D5719DAE696001D2BF6 /* PEAddViewEditController.m in Sources */ = {isa = PBXBuildFile; fileRef = 18B17D5619DAE696001D2BF6 /* PEAddViewEditController.m */; };
		18C3CD7419DC3B440092C002 /* FPPanelToolkit.m in Sources */ = {isa = PBXBuildFile; fileRef = 18C3CD7319DC3B440092C002 /* FPPanelToolkit.m */; };
		18CC2CF817F680AC009DF2CE /* FPNames.m in Sources */ = {isa = PBXBuildFile; fileRef = 18CC2CF317F680AC009DF2CE /* FPNames.m */; };
		18CC2CFA17F680AC009DF2CE /* FPCreateAccountController.m in Sources */ = {isa = PBXBuildFile; fileRef = 18CC2CF717F680AC009DF2CE /* FPCreateAccountController.m */; };
		18CC2CFF17F680BB009DF2CE /* UIColor+FuelPurchase.m in Sources */ = {isa = PBXBuildFile; fileRef = 18CC2CFC17F680BB009DF2CE /* UIColor+FuelPurchase.m */; };
		18CC2D0017F680BB009DF2CE /* UIFont+FuelPurchase.m in Sources */ = {isa = PBXBuildFile; fileRef = 18CC2CFE17F680BB009DF2CE /* UIFont+FuelPurchase.m */; };
		18CC2D0217F68117009DF2CE /* en.lproj in Resources */ = {isa = PBXBuildFile; fileRef = 18CC2D0117F68117009DF2CE /* en.lproj */; };
		18CF523219C9D9C90020FC94 /* FPScreenToolkit.m in Sources */ = {isa = PBXBuildFile; fileRef = 18CF523119C9D9C90020FC94 /* FPScreenToolkit.m */; };
		18D2F90D19F20CD7002D9869 /* CoreLocation.framework in Frameworks */ = {isa = PBXBuildFile; fileRef = 18D2F90B19F20CCE002D9869 /* CoreLocation.framework */; };
		18D6DFAC17F68005006B300D /* Foundation.framework in Frameworks */ = {isa = PBXBuildFile; fileRef = 18D6DFAB17F68005006B300D /* Foundation.framework */; };
		18D6DFAE17F68005006B300D /* CoreGraphics.framework in Frameworks */ = {isa = PBXBuildFile; fileRef = 18D6DFAD17F68005006B300D /* CoreGraphics.framework */; };
		18D6DFB017F68005006B300D /* UIKit.framework in Frameworks */ = {isa = PBXBuildFile; fileRef = 18D6DFAF17F68005006B300D /* UIKit.framework */; };
		18D6DFB617F68005006B300D /* InfoPlist.strings in Resources */ = {isa = PBXBuildFile; fileRef = 18D6DFB417F68005006B300D /* InfoPlist.strings */; };
		18D6DFB817F68005006B300D /* main.m in Sources */ = {isa = PBXBuildFile; fileRef = 18D6DFB717F68005006B300D /* main.m */; };
		18D6DFBC17F68005006B300D /* FPAppDelegate.m in Sources */ = {isa = PBXBuildFile; fileRef = 18D6DFBB17F68005006B300D /* FPAppDelegate.m */; };
		18D6DFBE17F68005006B300D /* Images.xcassets in Resources */ = {isa = PBXBuildFile; fileRef = 18D6DFBD17F68005006B300D /* Images.xcassets */; };
		18EC863019EBF6FF006C104A /* FPFpLogVehicleFuelStationDateDataSourceAndDelegate.m in Sources */ = {isa = PBXBuildFile; fileRef = 18EC862F19EBF6FF006C104A /* FPFpLogVehicleFuelStationDateDataSourceAndDelegate.m */; };
		18F61A891A96133000BA631A /* UIScrollView+PEAdditions.m in Sources */ = {isa = PBXBuildFile; fileRef = 18F61A881A96133000BA631A /* UIScrollView+PEAdditions.m */; };
		CA7D5A271B383F5A00433581 /* FPAppNotificationNames.m in Sources */ = {isa = PBXBuildFile; fileRef = CA7D5A261B383F5A00433581 /* FPAppNotificationNames.m */; };
		CA7D5A2E1B3851E200433581 /* FPAccountLoginController.m in Sources */ = {isa = PBXBuildFile; fileRef = CA7D5A2D1B3851E200433581 /* FPAccountLoginController.m */; };
		CA90F4241B45AB7F005FAB35 /* PEServerSyncActionSheet.m in Sources */ = {isa = PBXBuildFile; fileRef = CA90F4231B45AB7F005FAB35 /* PEServerSyncActionSheet.m */; };
		CA920C121B21F48900A848EA /* fpapi-resource.localdev.json in Resources */ = {isa = PBXBuildFile; fileRef = 18E5C9821A6B82E500EE8606 /* fpapi-resource.localdev.json */; };
		CAD8AE511B2B291000276F4F /* PELMUIUtils.m in Sources */ = {isa = PBXBuildFile; fileRef = CAD8AE501B2B291000276F4F /* PELMUIUtils.m */; };
		F17D7730E485443DAEE57677 /* libPods.a in Frameworks */ = {isa = PBXBuildFile; fileRef = 91349E0025D9467DBE585F0F /* libPods.a */; };
/* End PBXBuildFile section */

/* Begin PBXFileReference section */
		18010C58180E4752005F5CEB /* FPQuickActionMenuController.h */ = {isa = PBXFileReference; fileEncoding = 4; lastKnownFileType = sourcecode.c.h; path = FPQuickActionMenuController.h; sourceTree = "<group>"; };
		18010C59180E4752005F5CEB /* FPQuickActionMenuController.m */ = {isa = PBXFileReference; fileEncoding = 4; lastKnownFileType = sourcecode.c.objc; path = FPQuickActionMenuController.m; sourceTree = "<group>"; };
		180EDA2E19C7C2D200C782A6 /* FPSettingsController.h */ = {isa = PBXFileReference; fileEncoding = 4; lastKnownFileType = sourcecode.c.h; path = FPSettingsController.h; sourceTree = "<group>"; };
		180EDA2F19C7C2D200C782A6 /* FPSettingsController.m */ = {isa = PBXFileReference; fileEncoding = 4; lastKnownFileType = sourcecode.c.objc; path = FPSettingsController.m; sourceTree = "<group>"; };
		180EDA3319C7C89B00C782A6 /* FPEditsInProgressController.h */ = {isa = PBXFileReference; fileEncoding = 4; lastKnownFileType = sourcecode.c.h; path = FPEditsInProgressController.h; sourceTree = "<group>"; };
		180EDA3419C7C89B00C782A6 /* FPEditsInProgressController.m */ = {isa = PBXFileReference; fileEncoding = 4; lastKnownFileType = sourcecode.c.objc; path = FPEditsInProgressController.m; sourceTree = "<group>"; };
		1822308B1A7042FC00884600 /* NSMutableArray+MoveObject.h */ = {isa = PBXFileReference; fileEncoding = 4; lastKnownFileType = sourcecode.c.h; path = "NSMutableArray+MoveObject.h"; sourceTree = "<group>"; };
		1822308C1A7042FC00884600 /* NSMutableArray+MoveObject.m */ = {isa = PBXFileReference; fileEncoding = 4; lastKnownFileType = sourcecode.c.objc; path = "NSMutableArray+MoveObject.m"; sourceTree = "<group>"; };
		182F651E1A244E2700A769E4 /* IQKeyboardManager.bundle */ = {isa = PBXFileReference; lastKnownFileType = "wrapper.plug-in"; name = IQKeyboardManager.bundle; path = Pods/IQKeyboardManager/IQKeyBoardManager/Resources/IQKeyboardManager.bundle; sourceTree = "<group>"; };
		183E13A418009F9F009E9085 /* fpapi-resource.json */ = {isa = PBXFileReference; fileEncoding = 4; lastKnownFileType = text.json; path = "fpapi-resource.json"; sourceTree = "<group>"; };
		183E1414180237A2009E9085 /* FPUtils.h */ = {isa = PBXFileReference; fileEncoding = 4; lastKnownFileType = sourcecode.c.h; path = FPUtils.h; sourceTree = "<group>"; };
		183E1415180237A2009E9085 /* FPUtils.m */ = {isa = PBXFileReference; fileEncoding = 4; lastKnownFileType = sourcecode.c.objc; path = FPUtils.m; sourceTree = "<group>"; };
		183E1483180245D6009E9085 /* NSDictionary+FuelPurchase.h */ = {isa = PBXFileReference; fileEncoding = 4; lastKnownFileType = sourcecode.c.h; path = "NSDictionary+FuelPurchase.h"; sourceTree = "<group>"; };
		183E1484180245D6009E9085 /* NSDictionary+FuelPurchase.m */ = {isa = PBXFileReference; fileEncoding = 4; lastKnownFileType = sourcecode.c.objc; path = "NSDictionary+FuelPurchase.m"; sourceTree = "<group>"; };
		183E14871803CA54009E9085 /* SystemConfiguration.framework */ = {isa = PBXFileReference; lastKnownFileType = wrapper.framework; name = SystemConfiguration.framework; path = System/Library/Frameworks/SystemConfiguration.framework; sourceTree = SDKROOT; };
		183E148A1803CB3A009E9085 /* MobileCoreServices.framework */ = {isa = PBXFileReference; lastKnownFileType = wrapper.framework; name = MobileCoreServices.framework; path = System/Library/Frameworks/MobileCoreServices.framework; sourceTree = SDKROOT; };
		184601A119BFF6EC001C1B3A /* libsqlite3.dylib */ = {isa = PBXFileReference; lastKnownFileType = "compiled.mach-o.dylib"; name = libsqlite3.dylib; path = usr/lib/libsqlite3.dylib; sourceTree = SDKROOT; };
		18512F58181856B00023E2BF /* libPods.a */ = {isa = PBXFileReference; lastKnownFileType = archive.ar; name = libPods.a; path = "Pods/build/Debug-iphoneos/libPods.a"; sourceTree = "<group>"; };
		1865B7D719FDEA7300E98D26 /* FPEnvLogVehicleAndDateDataSourceDelegate.h */ = {isa = PBXFileReference; fileEncoding = 4; lastKnownFileType = sourcecode.c.h; path = FPEnvLogVehicleAndDateDataSourceDelegate.h; sourceTree = "<group>"; };
		1865B7D819FDEA7300E98D26 /* FPEnvLogVehicleAndDateDataSourceDelegate.m */ = {isa = PBXFileReference; fileEncoding = 4; lastKnownFileType = sourcecode.c.objc; path = FPEnvLogVehicleAndDateDataSourceDelegate.m; sourceTree = "<group>"; };
		186ADB3019E3A1B8003AD788 /* FPFuelStationCoordinatesTableDataSource.h */ = {isa = PBXFileReference; fileEncoding = 4; lastKnownFileType = sourcecode.c.h; path = FPFuelStationCoordinatesTableDataSource.h; sourceTree = "<group>"; };
		186ADB3119E3A1B8003AD788 /* FPFuelStationCoordinatesTableDataSource.m */ = {isa = PBXFileReference; fileEncoding = 4; lastKnownFileType = sourcecode.c.objc; path = FPFuelStationCoordinatesTableDataSource.m; sourceTree = "<group>"; };
		186E0B7A19CD237B00CE4B3A /* PEListViewController.h */ = {isa = PBXFileReference; fileEncoding = 4; lastKnownFileType = sourcecode.c.h; path = PEListViewController.h; sourceTree = "<group>"; };
		186E0B7B19CD237B00CE4B3A /* PEListViewController.m */ = {isa = PBXFileReference; fileEncoding = 4; lastKnownFileType = sourcecode.c.objc; path = PEListViewController.m; sourceTree = "<group>"; };
		1899260D18B3071600B61772 /* simulation */ = {isa = PBXFileReference; lastKnownFileType = folder; path = simulation; sourceTree = "<group>"; };
		189AC7541A78034500A6CFE3 /* FPLogEnvLogComposite.h */ = {isa = PBXFileReference; fileEncoding = 4; lastKnownFileType = sourcecode.c.h; path = FPLogEnvLogComposite.h; sourceTree = "<group>"; };
		189AC7551A78034500A6CFE3 /* FPLogEnvLogComposite.m */ = {isa = PBXFileReference; fileEncoding = 4; lastKnownFileType = sourcecode.c.objc; path = FPLogEnvLogComposite.m; sourceTree = "<group>"; };
		18A7E2DA196103C300C107DF /* NSObject+appdelegate.h */ = {isa = PBXFileReference; fileEncoding = 4; lastKnownFileType = sourcecode.c.h; path = "NSObject+appdelegate.h"; sourceTree = "<group>"; };
		18A7E2DB196103C300C107DF /* NSObject+appdelegate.m */ = {isa = PBXFileReference; fileEncoding = 4; lastKnownFileType = sourcecode.c.objc; path = "NSObject+appdelegate.m"; sourceTree = "<group>"; };
		18AC0720181ACC8C001FF24E /* FPLogging.h */ = {isa = PBXFileReference; fileEncoding = 4; lastKnownFileType = sourcecode.c.h; path = FPLogging.h; sourceTree = "<group>"; };
		18AC0721181ACC8C001FF24E /* FPLogging.m */ = {isa = PBXFileReference; fileEncoding = 4; lastKnownFileType = sourcecode.c.objc; path = FPLogging.m; sourceTree = "<group>"; };
		18B17D5519DAE696001D2BF6 /* PEAddViewEditController.h */ = {isa = PBXFileReference; fileEncoding = 4; lastKnownFileType = sourcecode.c.h; path = PEAddViewEditController.h; sourceTree = "<group>"; };
		18B17D5619DAE696001D2BF6 /* PEAddViewEditController.m */ = {isa = PBXFileReference; fileEncoding = 4; lastKnownFileType = sourcecode.c.objc; path = PEAddViewEditController.m; sourceTree = "<group>"; };
		18C3CD7219DC3B440092C002 /* FPPanelToolkit.h */ = {isa = PBXFileReference; fileEncoding = 4; lastKnownFileType = sourcecode.c.h; path = FPPanelToolkit.h; sourceTree = "<group>"; };
		18C3CD7319DC3B440092C002 /* FPPanelToolkit.m */ = {isa = PBXFileReference; fileEncoding = 4; lastKnownFileType = sourcecode.c.objc; path = FPPanelToolkit.m; sourceTree = "<group>"; };
		18CC2CF217F680AC009DF2CE /* FPNames.h */ = {isa = PBXFileReference; fileEncoding = 4; lastKnownFileType = sourcecode.c.h; path = FPNames.h; sourceTree = "<group>"; };
		18CC2CF317F680AC009DF2CE /* FPNames.m */ = {isa = PBXFileReference; fileEncoding = 4; lastKnownFileType = sourcecode.c.objc; path = FPNames.m; sourceTree = "<group>"; };
		18CC2CF617F680AC009DF2CE /* FPCreateAccountController.h */ = {isa = PBXFileReference; fileEncoding = 4; lastKnownFileType = sourcecode.c.h; path = FPCreateAccountController.h; sourceTree = "<group>"; };
		18CC2CF717F680AC009DF2CE /* FPCreateAccountController.m */ = {isa = PBXFileReference; fileEncoding = 4; lastKnownFileType = sourcecode.c.objc; path = FPCreateAccountController.m; sourceTree = "<group>"; };
		18CC2CFB17F680BB009DF2CE /* UIColor+FuelPurchase.h */ = {isa = PBXFileReference; fileEncoding = 4; lastKnownFileType = sourcecode.c.h; path = "UIColor+FuelPurchase.h"; sourceTree = "<group>"; };
		18CC2CFC17F680BB009DF2CE /* UIColor+FuelPurchase.m */ = {isa = PBXFileReference; fileEncoding = 4; lastKnownFileType = sourcecode.c.objc; path = "UIColor+FuelPurchase.m"; sourceTree = "<group>"; };
		18CC2CFD17F680BB009DF2CE /* UIFont+FuelPurchase.h */ = {isa = PBXFileReference; fileEncoding = 4; lastKnownFileType = sourcecode.c.h; path = "UIFont+FuelPurchase.h"; sourceTree = "<group>"; };
		18CC2CFE17F680BB009DF2CE /* UIFont+FuelPurchase.m */ = {isa = PBXFileReference; fileEncoding = 4; lastKnownFileType = sourcecode.c.objc; path = "UIFont+FuelPurchase.m"; sourceTree = "<group>"; };
		18CC2D0117F68117009DF2CE /* en.lproj */ = {isa = PBXFileReference; lastKnownFileType = folder; path = en.lproj; sourceTree = "<group>"; };
		18CF523019C9D9C90020FC94 /* FPScreenToolkit.h */ = {isa = PBXFileReference; fileEncoding = 4; lastKnownFileType = sourcecode.c.h; path = FPScreenToolkit.h; sourceTree = "<group>"; };
		18CF523119C9D9C90020FC94 /* FPScreenToolkit.m */ = {isa = PBXFileReference; fileEncoding = 4; lastKnownFileType = sourcecode.c.objc; path = FPScreenToolkit.m; sourceTree = "<group>"; };
		18D2F90B19F20CCE002D9869 /* CoreLocation.framework */ = {isa = PBXFileReference; lastKnownFileType = wrapper.framework; name = CoreLocation.framework; path = System/Library/Frameworks/CoreLocation.framework; sourceTree = SDKROOT; };
		18D6DFA817F68005006B300D /* Fuel Purchase.app */ = {isa = PBXFileReference; explicitFileType = wrapper.application; includeInIndex = 0; path = "Fuel Purchase.app"; sourceTree = BUILT_PRODUCTS_DIR; };
		18D6DFAB17F68005006B300D /* Foundation.framework */ = {isa = PBXFileReference; lastKnownFileType = wrapper.framework; name = Foundation.framework; path = System/Library/Frameworks/Foundation.framework; sourceTree = SDKROOT; };
		18D6DFAD17F68005006B300D /* CoreGraphics.framework */ = {isa = PBXFileReference; lastKnownFileType = wrapper.framework; name = CoreGraphics.framework; path = System/Library/Frameworks/CoreGraphics.framework; sourceTree = SDKROOT; };
		18D6DFAF17F68005006B300D /* UIKit.framework */ = {isa = PBXFileReference; lastKnownFileType = wrapper.framework; name = UIKit.framework; path = System/Library/Frameworks/UIKit.framework; sourceTree = SDKROOT; };
		18D6DFB317F68005006B300D /* PEFuelPurchase-App-Info.plist */ = {isa = PBXFileReference; lastKnownFileType = text.plist.xml; path = "PEFuelPurchase-App-Info.plist"; sourceTree = "<group>"; };
		18D6DFB517F68005006B300D /* en */ = {isa = PBXFileReference; lastKnownFileType = text.plist.strings; name = en; path = en.lproj/InfoPlist.strings; sourceTree = "<group>"; };
		18D6DFB717F68005006B300D /* main.m */ = {isa = PBXFileReference; lastKnownFileType = sourcecode.c.objc; path = main.m; sourceTree = "<group>"; };
		18D6DFB917F68005006B300D /* PEFuelPurchase-App-Prefix.pch */ = {isa = PBXFileReference; lastKnownFileType = sourcecode.c.h; path = "PEFuelPurchase-App-Prefix.pch"; sourceTree = "<group>"; };
		18D6DFBA17F68005006B300D /* FPAppDelegate.h */ = {isa = PBXFileReference; lastKnownFileType = sourcecode.c.h; path = FPAppDelegate.h; sourceTree = "<group>"; };
		18D6DFBB17F68005006B300D /* FPAppDelegate.m */ = {isa = PBXFileReference; lastKnownFileType = sourcecode.c.objc; path = FPAppDelegate.m; sourceTree = "<group>"; };
		18D6DFBD17F68005006B300D /* Images.xcassets */ = {isa = PBXFileReference; lastKnownFileType = folder.assetcatalog; path = Images.xcassets; sourceTree = "<group>"; };
		18D6DFC417F68005006B300D /* XCTest.framework */ = {isa = PBXFileReference; lastKnownFileType = wrapper.framework; name = XCTest.framework; path = Library/Frameworks/XCTest.framework; sourceTree = DEVELOPER_DIR; };
		18E5C9821A6B82E500EE8606 /* fpapi-resource.localdev.json */ = {isa = PBXFileReference; fileEncoding = 4; lastKnownFileType = text.json; path = "fpapi-resource.localdev.json"; sourceTree = "<group>"; };
		18EC862E19EBF6FF006C104A /* FPFpLogVehicleFuelStationDateDataSourceAndDelegate.h */ = {isa = PBXFileReference; fileEncoding = 4; lastKnownFileType = sourcecode.c.h; path = FPFpLogVehicleFuelStationDateDataSourceAndDelegate.h; sourceTree = "<group>"; };
		18EC862F19EBF6FF006C104A /* FPFpLogVehicleFuelStationDateDataSourceAndDelegate.m */ = {isa = PBXFileReference; fileEncoding = 4; lastKnownFileType = sourcecode.c.objc; path = FPFpLogVehicleFuelStationDateDataSourceAndDelegate.m; sourceTree = "<group>"; };
		18F61A871A96133000BA631A /* UIScrollView+PEAdditions.h */ = {isa = PBXFileReference; fileEncoding = 4; lastKnownFileType = sourcecode.c.h; path = "UIScrollView+PEAdditions.h"; sourceTree = "<group>"; };
		18F61A881A96133000BA631A /* UIScrollView+PEAdditions.m */ = {isa = PBXFileReference; fileEncoding = 4; lastKnownFileType = sourcecode.c.objc; path = "UIScrollView+PEAdditions.m"; sourceTree = "<group>"; };
		1DF684FBAD9D439284549BB5 /* libPods-fuelpurchaseTests.a */ = {isa = PBXFileReference; explicitFileType = archive.ar; includeInIndex = 0; path = "libPods-fuelpurchaseTests.a"; sourceTree = BUILT_PRODUCTS_DIR; };
		91349E0025D9467DBE585F0F /* libPods.a */ = {isa = PBXFileReference; explicitFileType = archive.ar; includeInIndex = 0; path = libPods.a; sourceTree = BUILT_PRODUCTS_DIR; };
		AC2AAEDFF2F94B76A9D41E6C /* libPods-fuelpurchase-tests.a */ = {isa = PBXFileReference; explicitFileType = archive.ar; includeInIndex = 0; path = "libPods-fuelpurchase-tests.a"; sourceTree = BUILT_PRODUCTS_DIR; };
		C1FEBEB6E7DB4F50A4FCEA3D /* libPods-fuelpurchase-dev.a */ = {isa = PBXFileReference; explicitFileType = archive.ar; includeInIndex = 0; path = "libPods-fuelpurchase-dev.a"; sourceTree = BUILT_PRODUCTS_DIR; };
		C620C668F12CED8B0A128354 /* Pods.release.xcconfig */ = {isa = PBXFileReference; includeInIndex = 1; lastKnownFileType = text.xcconfig; name = Pods.release.xcconfig; path = "Pods/Target Support Files/Pods/Pods.release.xcconfig"; sourceTree = "<group>"; };
		C8F7D920AF4FE86756CE0393 /* libPods-PEFuelPurchase-App-dev.a */ = {isa = PBXFileReference; explicitFileType = archive.ar; includeInIndex = 0; path = "libPods-PEFuelPurchase-App-dev.a"; sourceTree = BUILT_PRODUCTS_DIR; };
		CA6203E51B21D99200CF9C91 /* libPods-PEFuelPurchase-App-dev.a */ = {isa = PBXFileReference; lastKnownFileType = archive.ar; name = "libPods-PEFuelPurchase-App-dev.a"; path = "Pods/../build/Debug-iphoneos/libPods-PEFuelPurchase-App-dev.a"; sourceTree = "<group>"; };
		CA6203E71B21D9DE00CF9C91 /* libPods-PEFuelPurchase-App-dev-KissXML.a */ = {isa = PBXFileReference; lastKnownFileType = archive.ar; name = "libPods-PEFuelPurchase-App-dev-KissXML.a"; path = "Pods/../build/Debug-iphoneos/libPods-PEFuelPurchase-App-dev-KissXML.a"; sourceTree = "<group>"; };
		CA6203E81B21D9DE00CF9C91 /* libPods-PEFuelPurchase-App-dev-OHHTTPStubs.a */ = {isa = PBXFileReference; lastKnownFileType = archive.ar; name = "libPods-PEFuelPurchase-App-dev-OHHTTPStubs.a"; path = "Pods/../build/Debug-iphoneos/libPods-PEFuelPurchase-App-dev-OHHTTPStubs.a"; sourceTree = "<group>"; };
		CA6203E91B21D9DE00CF9C91 /* libPods-PEFuelPurchase-App-dev-PEDev-Console.a */ = {isa = PBXFileReference; lastKnownFileType = archive.ar; name = "libPods-PEFuelPurchase-App-dev-PEDev-Console.a"; path = "Pods/../build/Debug-iphoneos/libPods-PEFuelPurchase-App-dev-PEDev-Console.a"; sourceTree = "<group>"; };
		CA6203EA1B21D9DE00CF9C91 /* libPods-PEFuelPurchase-App-dev-PESimu-Select.a */ = {isa = PBXFileReference; lastKnownFileType = archive.ar; name = "libPods-PEFuelPurchase-App-dev-PESimu-Select.a"; path = "Pods/../build/Debug-iphoneos/libPods-PEFuelPurchase-App-dev-PESimu-Select.a"; sourceTree = "<group>"; };
		CA6203EB1B21D9DE00CF9C91 /* libPods-PEFuelPurchase-App-dev-PEWire-Control.a */ = {isa = PBXFileReference; lastKnownFileType = archive.ar; name = "libPods-PEFuelPurchase-App-dev-PEWire-Control.a"; path = "Pods/../build/Debug-iphoneos/libPods-PEFuelPurchase-App-dev-PEWire-Control.a"; sourceTree = "<group>"; };
		CA6203EC1B21D9DE00CF9C91 /* libPods-PEFuelPurchase-App-dev-PEXML-Utils.a */ = {isa = PBXFileReference; lastKnownFileType = archive.ar; name = "libPods-PEFuelPurchase-App-dev-PEXML-Utils.a"; path = "Pods/../build/Debug-iphoneos/libPods-PEFuelPurchase-App-dev-PEXML-Utils.a"; sourceTree = "<group>"; };
		CA6203ED1B21D9DE00CF9C91 /* libPods.a */ = {isa = PBXFileReference; lastKnownFileType = archive.ar; name = libPods.a; path = "Pods/../build/Debug-iphoneos/libPods.a"; sourceTree = "<group>"; };
		CA6203F51B21EDBD00CF9C91 /* libPods.a */ = {isa = PBXFileReference; lastKnownFileType = archive.ar; name = libPods.a; path = "Pods/../build/Debug-iphoneos/libPods.a"; sourceTree = "<group>"; };
		CA7D5A251B383F5A00433581 /* FPAppNotificationNames.h */ = {isa = PBXFileReference; fileEncoding = 4; lastKnownFileType = sourcecode.c.h; path = FPAppNotificationNames.h; sourceTree = "<group>"; };
		CA7D5A261B383F5A00433581 /* FPAppNotificationNames.m */ = {isa = PBXFileReference; fileEncoding = 4; lastKnownFileType = sourcecode.c.objc; path = FPAppNotificationNames.m; sourceTree = "<group>"; };
		CA7D5A2C1B3851E200433581 /* FPAccountLoginController.h */ = {isa = PBXFileReference; fileEncoding = 4; lastKnownFileType = sourcecode.c.h; path = FPAccountLoginController.h; sourceTree = "<group>"; };
		CA7D5A2D1B3851E200433581 /* FPAccountLoginController.m */ = {isa = PBXFileReference; fileEncoding = 4; lastKnownFileType = sourcecode.c.objc; path = FPAccountLoginController.m; sourceTree = "<group>"; };
		CA90F4221B45AB7F005FAB35 /* PEServerSyncActionSheet.h */ = {isa = PBXFileReference; fileEncoding = 4; lastKnownFileType = sourcecode.c.h; path = PEServerSyncActionSheet.h; sourceTree = "<group>"; };
		CA90F4231B45AB7F005FAB35 /* PEServerSyncActionSheet.m */ = {isa = PBXFileReference; fileEncoding = 4; lastKnownFileType = sourcecode.c.objc; path = PEServerSyncActionSheet.m; sourceTree = "<group>"; };
		CAD8AE4F1B2B291000276F4F /* PELMUIUtils.h */ = {isa = PBXFileReference; fileEncoding = 4; lastKnownFileType = sourcecode.c.h; path = PELMUIUtils.h; sourceTree = "<group>"; };
		CAD8AE501B2B291000276F4F /* PELMUIUtils.m */ = {isa = PBXFileReference; fileEncoding = 4; lastKnownFileType = sourcecode.c.objc; path = PELMUIUtils.m; sourceTree = "<group>"; };
		E12E20B44758C744FA39A49C /* Pods.debug.xcconfig */ = {isa = PBXFileReference; includeInIndex = 1; lastKnownFileType = text.xcconfig; name = Pods.debug.xcconfig; path = "Pods/Target Support Files/Pods/Pods.debug.xcconfig"; sourceTree = "<group>"; };
/* End PBXFileReference section */

/* Begin PBXFrameworksBuildPhase section */
		18D6DFA517F68005006B300D /* Frameworks */ = {
			isa = PBXFrameworksBuildPhase;
			buildActionMask = 2147483647;
			files = (
				18D2F90D19F20CD7002D9869 /* CoreLocation.framework in Frameworks */,
				184601A219BFF6EC001C1B3A /* libsqlite3.dylib in Frameworks */,
				183E148C1803CB40009E9085 /* SystemConfiguration.framework in Frameworks */,
				183E148B1803CB3A009E9085 /* MobileCoreServices.framework in Frameworks */,
				18D6DFAE17F68005006B300D /* CoreGraphics.framework in Frameworks */,
				18D6DFB017F68005006B300D /* UIKit.framework in Frameworks */,
				18D6DFAC17F68005006B300D /* Foundation.framework in Frameworks */,
				F17D7730E485443DAEE57677 /* libPods.a in Frameworks */,
			);
			runOnlyForDeploymentPostprocessing = 0;
		};
/* End PBXFrameworksBuildPhase section */

/* Begin PBXGroup section */
		08DB50AF6B2DED35218E1824 /* Pods */ = {
			isa = PBXGroup;
			children = (
				E12E20B44758C744FA39A49C /* Pods.debug.xcconfig */,
				C620C668F12CED8B0A128354 /* Pods.release.xcconfig */,
			);
			name = Pods;
			sourceTree = "<group>";
		};
		18010C57180E470C005F5CEB /* Quick Action Menu Screen */ = {
			isa = PBXGroup;
			children = (
				18010C58180E4752005F5CEB /* FPQuickActionMenuController.h */,
				18010C59180E4752005F5CEB /* FPQuickActionMenuController.m */,
			);
			name = "Quick Action Menu Screen";
			sourceTree = "<group>";
		};
		180EDA2D19C7C2AB00C782A6 /* Settings Screen */ = {
			isa = PBXGroup;
			children = (
				180EDA2E19C7C2D200C782A6 /* FPSettingsController.h */,
				180EDA2F19C7C2D200C782A6 /* FPSettingsController.m */,
			);
			name = "Settings Screen";
			sourceTree = "<group>";
		};
		180EDA3219C7C87E00C782A6 /* Edits in Progress Screen */ = {
			isa = PBXGroup;
			children = (
				180EDA3319C7C89B00C782A6 /* FPEditsInProgressController.h */,
				180EDA3419C7C89B00C782A6 /* FPEditsInProgressController.m */,
			);
			name = "Edits in Progress Screen";
			sourceTree = "<group>";
		};
		18456CE719D39D840023A2A7 /* Panel Toolkit */ = {
			isa = PBXGroup;
			children = (
				186ADB2F19E3A1A7003AD788 /* Table Data Sources */,
				18C3CD7219DC3B440092C002 /* FPPanelToolkit.h */,
				18C3CD7319DC3B440092C002 /* FPPanelToolkit.m */,
			);
			name = "Panel Toolkit";
			sourceTree = "<group>";
		};
		185D38CC1815952B0007587A /* App Delegate */ = {
			isa = PBXGroup;
			children = (
				18D6DFBA17F68005006B300D /* FPAppDelegate.h */,
				18D6DFBB17F68005006B300D /* FPAppDelegate.m */,
			);
			name = "App Delegate";
			sourceTree = "<group>";
		};
		1865B7D619FDEA0200E98D26 /* Env Log Vehicle and Date Selection */ = {
			isa = PBXGroup;
			children = (
				1865B7D719FDEA7300E98D26 /* FPEnvLogVehicleAndDateDataSourceDelegate.h */,
				1865B7D819FDEA7300E98D26 /* FPEnvLogVehicleAndDateDataSourceDelegate.m */,
			);
			name = "Env Log Vehicle and Date Selection";
			sourceTree = "<group>";
		};
		186ADB2F19E3A1A7003AD788 /* Table Data Sources */ = {
			isa = PBXGroup;
			children = (
				1865B7D619FDEA0200E98D26 /* Env Log Vehicle and Date Selection */,
				18EC862D19EBF571006C104A /* Fp Log Vehicle, Fuel Station and Date Selection */,
				18EC862C19EB0769006C104A /* Fuel Station Coordinates */,
			);
			name = "Table Data Sources";
			sourceTree = "<group>";
		};
		186E0B7819CD1BDD00CE4B3A /* UI Commons */ = {
			isa = PBXGroup;
			children = (
				CA90F4211B45AB4C005FAB35 /* Server Sync Action Sheet */,
				CAD8AE4E1B2B28E200276F4F /* Local Data UI Utils */,
				18F61A821A96129E00BA631A /* Categories */,
				186E0B7919CD1BEA00CE4B3A /* Pull-to-Refresh List View Controller */,
			);
			name = "UI Commons";
			sourceTree = "<group>";
		};
		186E0B7919CD1BEA00CE4B3A /* Pull-to-Refresh List View Controller */ = {
			isa = PBXGroup;
			children = (
				18B17D5419DAE640001D2BF6 /* Add / View / Edit Entity Controller */,
				186E0B7A19CD237B00CE4B3A /* PEListViewController.h */,
				186E0B7B19CD237B00CE4B3A /* PEListViewController.m */,
			);
			name = "Pull-to-Refresh List View Controller";
			sourceTree = "<group>";
		};
		189AC7521A78030D00A6CFE3 /* Model */ = {
			isa = PBXGroup;
			children = (
				189AC7531A78032400A6CFE3 /* Fp Env Log Composite */,
			);
			name = Model;
			sourceTree = "<group>";
		};
		189AC7531A78032400A6CFE3 /* Fp Env Log Composite */ = {
			isa = PBXGroup;
			children = (
				189AC7541A78034500A6CFE3 /* FPLogEnvLogComposite.h */,
				189AC7551A78034500A6CFE3 /* FPLogEnvLogComposite.m */,
			);
			name = "Fp Env Log Composite";
			sourceTree = "<group>";
		};
		18AB99F917F68304002A8A69 /* Categories */ = {
			isa = PBXGroup;
			children = (
				18CC2CFB17F680BB009DF2CE /* UIColor+FuelPurchase.h */,
				18CC2CFC17F680BB009DF2CE /* UIColor+FuelPurchase.m */,
				18CC2CFD17F680BB009DF2CE /* UIFont+FuelPurchase.h */,
				18CC2CFE17F680BB009DF2CE /* UIFont+FuelPurchase.m */,
				183E1483180245D6009E9085 /* NSDictionary+FuelPurchase.h */,
				183E1484180245D6009E9085 /* NSDictionary+FuelPurchase.m */,
				18A7E2DA196103C300C107DF /* NSObject+appdelegate.h */,
				18A7E2DB196103C300C107DF /* NSObject+appdelegate.m */,
				1822308B1A7042FC00884600 /* NSMutableArray+MoveObject.h */,
				1822308C1A7042FC00884600 /* NSMutableArray+MoveObject.m */,
			);
			name = Categories;
			sourceTree = "<group>";
		};
		18AB99FA17F6831C002A8A69 /* Utils */ = {
			isa = PBXGroup;
			children = (
				183E1414180237A2009E9085 /* FPUtils.h */,
				183E1415180237A2009E9085 /* FPUtils.m */,
			);
			name = Utils;
			sourceTree = "<group>";
		};
		18AB99FB17F6832C002A8A69 /* Custom Screens */ = {
			isa = PBXGroup;
			children = (
				CA7D5A2B1B384FEE00433581 /* Account Login */,
				CA7D5A2A1B384FDE00433581 /* Account Creation */,
				180EDA3219C7C87E00C782A6 /* Edits in Progress Screen */,
				180EDA2D19C7C2AB00C782A6 /* Settings Screen */,
				18010C57180E470C005F5CEB /* Quick Action Menu Screen */,
			);
			name = "Custom Screens";
			sourceTree = "<group>";
		};
		18AC071F181AC784001FF24E /* Logging */ = {
			isa = PBXGroup;
			children = (
				18AC0720181ACC8C001FF24E /* FPLogging.h */,
				18AC0721181ACC8C001FF24E /* FPLogging.m */,
			);
			name = Logging;
			sourceTree = "<group>";
		};
		18B17D5419DAE640001D2BF6 /* Add / View / Edit Entity Controller */ = {
			isa = PBXGroup;
			children = (
				18B17D5519DAE696001D2BF6 /* PEAddViewEditController.h */,
				18B17D5619DAE696001D2BF6 /* PEAddViewEditController.m */,
			);
			name = "Add / View / Edit Entity Controller";
			sourceTree = "<group>";
		};
		18CF522F19C9D9990020FC94 /* Screen Toolkit */ = {
			isa = PBXGroup;
			children = (
				18CF523019C9D9C90020FC94 /* FPScreenToolkit.h */,
				18CF523119C9D9C90020FC94 /* FPScreenToolkit.m */,
			);
			name = "Screen Toolkit";
			sourceTree = "<group>";
		};
		18D6DF9F17F68005006B300D = {
			isa = PBXGroup;
			children = (
				182F651E1A244E2700A769E4 /* IQKeyboardManager.bundle */,
				18D6DFB117F68005006B300D /* PEFuelPurchase-App */,
				18D6DFAA17F68005006B300D /* Frameworks */,
				18D6DFA917F68005006B300D /* Products */,
				08DB50AF6B2DED35218E1824 /* Pods */,
			);
			sourceTree = "<group>";
		};
		18D6DFA917F68005006B300D /* Products */ = {
			isa = PBXGroup;
			children = (
				18D6DFA817F68005006B300D /* Fuel Purchase.app */,
			);
			name = Products;
			sourceTree = "<group>";
		};
		18D6DFAA17F68005006B300D /* Frameworks */ = {
			isa = PBXGroup;
			children = (
				CA6203F51B21EDBD00CF9C91 /* libPods.a */,
				CA6203E71B21D9DE00CF9C91 /* libPods-PEFuelPurchase-App-dev-KissXML.a */,
				CA6203E81B21D9DE00CF9C91 /* libPods-PEFuelPurchase-App-dev-OHHTTPStubs.a */,
				CA6203E91B21D9DE00CF9C91 /* libPods-PEFuelPurchase-App-dev-PEDev-Console.a */,
				CA6203EA1B21D9DE00CF9C91 /* libPods-PEFuelPurchase-App-dev-PESimu-Select.a */,
				CA6203EB1B21D9DE00CF9C91 /* libPods-PEFuelPurchase-App-dev-PEWire-Control.a */,
				CA6203EC1B21D9DE00CF9C91 /* libPods-PEFuelPurchase-App-dev-PEXML-Utils.a */,
				CA6203ED1B21D9DE00CF9C91 /* libPods.a */,
				CA6203E51B21D99200CF9C91 /* libPods-PEFuelPurchase-App-dev.a */,
				18D2F90B19F20CCE002D9869 /* CoreLocation.framework */,
				184601A119BFF6EC001C1B3A /* libsqlite3.dylib */,
				18512F58181856B00023E2BF /* libPods.a */,
				183E148A1803CB3A009E9085 /* MobileCoreServices.framework */,
				183E14871803CA54009E9085 /* SystemConfiguration.framework */,
				18D6DFAB17F68005006B300D /* Foundation.framework */,
				18D6DFAD17F68005006B300D /* CoreGraphics.framework */,
				18D6DFAF17F68005006B300D /* UIKit.framework */,
				18D6DFC417F68005006B300D /* XCTest.framework */,
				91349E0025D9467DBE585F0F /* libPods.a */,
				C1FEBEB6E7DB4F50A4FCEA3D /* libPods-fuelpurchase-dev.a */,
				AC2AAEDFF2F94B76A9D41E6C /* libPods-fuelpurchase-tests.a */,
				1DF684FBAD9D439284549BB5 /* libPods-fuelpurchaseTests.a */,
				C8F7D920AF4FE86756CE0393 /* libPods-PEFuelPurchase-App-dev.a */,
			);
			name = Frameworks;
			sourceTree = "<group>";
		};
		18D6DFB117F68005006B300D /* PEFuelPurchase-App */ = {
			isa = PBXGroup;
			children = (
				186E0B7819CD1BDD00CE4B3A /* UI Commons */,
				189AC7521A78030D00A6CFE3 /* Model */,
				185D38CC1815952B0007587A /* App Delegate */,
				CA7D5A241B383F4500433581 /* Notifications */,
				18AB99FA17F6831C002A8A69 /* Utils */,
				CA7D5A281B384F4000433581 /* User Interface */,
				18AB99F917F68304002A8A69 /* Categories */,
				18AC071F181AC784001FF24E /* Logging */,
				18D6DFB217F68005006B300D /* Supporting Files */,
				18D6DFBD17F68005006B300D /* Images.xcassets */,
			);
			name = "PEFuelPurchase-App";
			path = fuelpurchase;
			sourceTree = "<group>";
		};
		18D6DFB217F68005006B300D /* Supporting Files */ = {
			isa = PBXGroup;
			children = (
				CAD9D8FA1B24A08B00164CE4 /* Tab bar icons */,
				1899260D18B3071600B61772 /* simulation */,
				18CC2D0117F68117009DF2CE /* en.lproj */,
				18E5C9821A6B82E500EE8606 /* fpapi-resource.localdev.json */,
				183E13A418009F9F009E9085 /* fpapi-resource.json */,
				18D6DFB317F68005006B300D /* PEFuelPurchase-App-Info.plist */,
				18D6DFB417F68005006B300D /* InfoPlist.strings */,
				18D6DFB717F68005006B300D /* main.m */,
				18CC2CF217F680AC009DF2CE /* FPNames.h */,
				18CC2CF317F680AC009DF2CE /* FPNames.m */,
				18D6DFB917F68005006B300D /* PEFuelPurchase-App-Prefix.pch */,
			);
			name = "Supporting Files";
			sourceTree = "<group>";
		};
		18EC862C19EB0769006C104A /* Fuel Station Coordinates */ = {
			isa = PBXGroup;
			children = (
				186ADB3019E3A1B8003AD788 /* FPFuelStationCoordinatesTableDataSource.h */,
				186ADB3119E3A1B8003AD788 /* FPFuelStationCoordinatesTableDataSource.m */,
			);
			name = "Fuel Station Coordinates";
			sourceTree = "<group>";
		};
		18EC862D19EBF571006C104A /* Fp Log Vehicle, Fuel Station and Date Selection */ = {
			isa = PBXGroup;
			children = (
				18EC862E19EBF6FF006C104A /* FPFpLogVehicleFuelStationDateDataSourceAndDelegate.h */,
				18EC862F19EBF6FF006C104A /* FPFpLogVehicleFuelStationDateDataSourceAndDelegate.m */,
			);
			name = "Fp Log Vehicle, Fuel Station and Date Selection";
			sourceTree = "<group>";
		};
		18F61A821A96129E00BA631A /* Categories */ = {
			isa = PBXGroup;
			children = (
				18F61A831A9612A600BA631A /* UIScrollView */,
			);
			name = Categories;
			sourceTree = "<group>";
		};
		18F61A831A9612A600BA631A /* UIScrollView */ = {
			isa = PBXGroup;
			children = (
				18F61A871A96133000BA631A /* UIScrollView+PEAdditions.h */,
				18F61A881A96133000BA631A /* UIScrollView+PEAdditions.m */,
			);
			name = UIScrollView;
			sourceTree = "<group>";
		};
		CA7D5A241B383F4500433581 /* Notifications */ = {
			isa = PBXGroup;
			children = (
				CA7D5A251B383F5A00433581 /* FPAppNotificationNames.h */,
				CA7D5A261B383F5A00433581 /* FPAppNotificationNames.m */,
			);
			name = Notifications;
			sourceTree = "<group>";
		};
		CA7D5A281B384F4000433581 /* User Interface */ = {
			isa = PBXGroup;
			children = (
				18456CE719D39D840023A2A7 /* Panel Toolkit */,
				18CF522F19C9D9990020FC94 /* Screen Toolkit */,
				18AB99FB17F6832C002A8A69 /* Custom Screens */,
			);
			name = "User Interface";
			sourceTree = "<group>";
		};
		CA7D5A2A1B384FDE00433581 /* Account Creation */ = {
			isa = PBXGroup;
			children = (
				18CC2CF617F680AC009DF2CE /* FPCreateAccountController.h */,
				18CC2CF717F680AC009DF2CE /* FPCreateAccountController.m */,
			);
			name = "Account Creation";
			sourceTree = "<group>";
		};
		CA7D5A2B1B384FEE00433581 /* Account Login */ = {
			isa = PBXGroup;
			children = (
				CA7D5A2C1B3851E200433581 /* FPAccountLoginController.h */,
				CA7D5A2D1B3851E200433581 /* FPAccountLoginController.m */,
			);
			name = "Account Login";
			sourceTree = "<group>";
		};
		CA90F4211B45AB4C005FAB35 /* Server Sync Action Sheet */ = {
			isa = PBXGroup;
			children = (
				CA90F4221B45AB7F005FAB35 /* PEServerSyncActionSheet.h */,
				CA90F4231B45AB7F005FAB35 /* PEServerSyncActionSheet.m */,
			);
			name = "Server Sync Action Sheet";
			sourceTree = "<group>";
		};
		CAD8AE4E1B2B28E200276F4F /* Local Data UI Utils */ = {
			isa = PBXGroup;
			children = (
				CAD8AE4F1B2B291000276F4F /* PELMUIUtils.h */,
				CAD8AE501B2B291000276F4F /* PELMUIUtils.m */,
			);
			name = "Local Data UI Utils";
			sourceTree = "<group>";
		};
		CAD9D8FA1B24A08B00164CE4 /* Tab bar icons */ = {
			isa = PBXGroup;
			children = (
			);
			name = "Tab bar icons";
			sourceTree = "<group>";
		};
/* End PBXGroup section */

/* Begin PBXNativeTarget section */
		18D6DFA717F68005006B300D /* PEFuelPurchase-App */ = {
			isa = PBXNativeTarget;
			buildConfigurationList = 18D6DFD417F68005006B300D /* Build configuration list for PBXNativeTarget "PEFuelPurchase-App" */;
			buildPhases = (
				7595B694D7984311A9A052AB /* Check Pods Manifest.lock */,
				18D6DFA417F68005006B300D /* Sources */,
				18D6DFA517F68005006B300D /* Frameworks */,
				18D6DFA617F68005006B300D /* Resources */,
				5A314A635D3C4E149517F500 /* Copy Pods Resources */,
			);
			buildRules = (
			);
			dependencies = (
			);
			name = "PEFuelPurchase-App";
			productName = fuelpurchase;
			productReference = 18D6DFA817F68005006B300D /* Fuel Purchase.app */;
			productType = "com.apple.product-type.application";
		};
/* End PBXNativeTarget section */

/* Begin PBXProject section */
		18D6DFA017F68005006B300D /* Project object */ = {
			isa = PBXProject;
			attributes = {
				CLASSPREFIX = FP;
				LastUpgradeCheck = 0510;
				ORGANIZATIONNAME = "Paul Evans";
				TargetAttributes = {
					18D6DFA717F68005006B300D = {
						DevelopmentTeam = N939KU5DFM;
					};
				};
			};
			buildConfigurationList = 18D6DFA317F68005006B300D /* Build configuration list for PBXProject "PEFuelPurchase-App" */;
			compatibilityVersion = "Xcode 3.2";
			developmentRegion = English;
			hasScannedForEncodings = 0;
			knownRegions = (
				en,
			);
			mainGroup = 18D6DF9F17F68005006B300D;
			productRefGroup = 18D6DFA917F68005006B300D /* Products */;
			projectDirPath = "";
			projectRoot = "";
			targets = (
				18D6DFA717F68005006B300D /* PEFuelPurchase-App */,
			);
		};
/* End PBXProject section */

/* Begin PBXResourcesBuildPhase section */
		18D6DFA617F68005006B300D /* Resources */ = {
			isa = PBXResourcesBuildPhase;
			buildActionMask = 2147483647;
			files = (
				CA920C121B21F48900A848EA /* fpapi-resource.localdev.json in Resources */,
				183E13A518009F9F009E9085 /* fpapi-resource.json in Resources */,
				1899260E18B3071600B61772 /* simulation in Resources */,
				18D6DFB617F68005006B300D /* InfoPlist.strings in Resources */,
				18CC2D0217F68117009DF2CE /* en.lproj in Resources */,
				18D6DFBE17F68005006B300D /* Images.xcassets in Resources */,
			);
			runOnlyForDeploymentPostprocessing = 0;
		};
/* End PBXResourcesBuildPhase section */

/* Begin PBXShellScriptBuildPhase section */
		5A314A635D3C4E149517F500 /* Copy Pods Resources */ = {
			isa = PBXShellScriptBuildPhase;
			buildActionMask = 2147483647;
			files = (
			);
			inputPaths = (
			);
			name = "Copy Pods Resources";
			outputPaths = (
			);
			runOnlyForDeploymentPostprocessing = 0;
			shellPath = /bin/sh;
			shellScript = "\"${SRCROOT}/Pods/Target Support Files/Pods/Pods-resources.sh\"\n";
			showEnvVarsInLog = 0;
		};
		7595B694D7984311A9A052AB /* Check Pods Manifest.lock */ = {
			isa = PBXShellScriptBuildPhase;
			buildActionMask = 2147483647;
			files = (
			);
			inputPaths = (
			);
			name = "Check Pods Manifest.lock";
			outputPaths = (
			);
			runOnlyForDeploymentPostprocessing = 0;
			shellPath = /bin/sh;
			shellScript = "diff \"${PODS_ROOT}/../Podfile.lock\" \"${PODS_ROOT}/Manifest.lock\" > /dev/null\nif [[ $? != 0 ]] ; then\n    cat << EOM\nerror: The sandbox is not in sync with the Podfile.lock. Run 'pod install' or update your CocoaPods installation.\nEOM\n    exit 1\nfi\n";
			showEnvVarsInLog = 0;
		};
/* End PBXShellScriptBuildPhase section */

/* Begin PBXSourcesBuildPhase section */
		18D6DFA417F68005006B300D /* Sources */ = {
			isa = PBXSourcesBuildPhase;
			buildActionMask = 2147483647;
			files = (
				180EDA3019C7C2D200C782A6 /* FPSettingsController.m in Sources */,
				18A7E2DC196103C300C107DF /* NSObject+appdelegate.m in Sources */,
				186ADB3219E3A1B8003AD788 /* FPFuelStationCoordinatesTableDataSource.m in Sources */,
				CAD8AE511B2B291000276F4F /* PELMUIUtils.m in Sources */,
				18CC2D0017F680BB009DF2CE /* UIFont+FuelPurchase.m in Sources */,
				CA90F4241B45AB7F005FAB35 /* PEServerSyncActionSheet.m in Sources */,
				18B17D5719DAE696001D2BF6 /* PEAddViewEditController.m in Sources */,
				18F61A891A96133000BA631A /* UIScrollView+PEAdditions.m in Sources */,
				18D6DFBC17F68005006B300D /* FPAppDelegate.m in Sources */,
				18D6DFB817F68005006B300D /* main.m in Sources */,
				180EDA3519C7C89B00C782A6 /* FPEditsInProgressController.m in Sources */,
				1822308D1A7042FC00884600 /* NSMutableArray+MoveObject.m in Sources */,
				18CC2CF817F680AC009DF2CE /* FPNames.m in Sources */,
				18EC863019EBF6FF006C104A /* FPFpLogVehicleFuelStationDateDataSourceAndDelegate.m in Sources */,
				CA7D5A271B383F5A00433581 /* FPAppNotificationNames.m in Sources */,
				18CF523219C9D9C90020FC94 /* FPScreenToolkit.m in Sources */,
				18CC2CFA17F680AC009DF2CE /* FPCreateAccountController.m in Sources */,
				CA7D5A2E1B3851E200433581 /* FPAccountLoginController.m in Sources */,
				186E0B7C19CD237B00CE4B3A /* PEListViewController.m in Sources */,
				18CC2CFF17F680BB009DF2CE /* UIColor+FuelPurchase.m in Sources */,
				189AC7561A78034500A6CFE3 /* FPLogEnvLogComposite.m in Sources */,
				18010C5A180E4752005F5CEB /* FPQuickActionMenuController.m in Sources */,
				183E1416180237A2009E9085 /* FPUtils.m in Sources */,
				18AC0722181ACC8C001FF24E /* FPLogging.m in Sources */,
				1865B7D919FDEA7300E98D26 /* FPEnvLogVehicleAndDateDataSourceDelegate.m in Sources */,
				18C3CD7419DC3B440092C002 /* FPPanelToolkit.m in Sources */,
				183E1485180245D6009E9085 /* NSDictionary+FuelPurchase.m in Sources */,
			);
			runOnlyForDeploymentPostprocessing = 0;
		};
/* End PBXSourcesBuildPhase section */

/* Begin PBXVariantGroup section */
		18D6DFB417F68005006B300D /* InfoPlist.strings */ = {
			isa = PBXVariantGroup;
			children = (
				18D6DFB517F68005006B300D /* en */,
			);
			name = InfoPlist.strings;
			sourceTree = "<group>";
		};
/* End PBXVariantGroup section */

/* Begin XCBuildConfiguration section */
		18D6DFD317F68005006B300D /* Release */ = {
			isa = XCBuildConfiguration;
			baseConfigurationReference = C620C668F12CED8B0A128354 /* Pods.release.xcconfig */;
			buildSettings = {
				ALWAYS_SEARCH_USER_PATHS = NO;
				CLANG_CXX_LANGUAGE_STANDARD = "gnu++0x";
				CLANG_CXX_LIBRARY = "libc++";
				CLANG_ENABLE_MODULES = YES;
				CLANG_ENABLE_OBJC_ARC = YES;
				CLANG_WARN_BOOL_CONVERSION = YES;
				CLANG_WARN_CONSTANT_CONVERSION = YES;
				CLANG_WARN_DIRECT_OBJC_ISA_USAGE = YES_ERROR;
				CLANG_WARN_EMPTY_BODY = YES;
				CLANG_WARN_ENUM_CONVERSION = YES;
				CLANG_WARN_INT_CONVERSION = YES;
				CLANG_WARN_OBJC_ROOT_CLASS = YES_ERROR;
				CLANG_WARN__DUPLICATE_METHOD_MATCH = YES;
				CODE_SIGN_IDENTITY = "iPhone Developer";
				"CODE_SIGN_IDENTITY[sdk=iphoneos*]" = "iPhone Developer";
				COPY_PHASE_STRIP = YES;
				ENABLE_NS_ASSERTIONS = NO;
				GCC_C_LANGUAGE_STANDARD = gnu99;
				GCC_WARN_64_TO_32_BIT_CONVERSION = YES;
				GCC_WARN_ABOUT_RETURN_TYPE = YES_ERROR;
				GCC_WARN_UNDECLARED_SELECTOR = YES;
				GCC_WARN_UNINITIALIZED_AUTOS = YES;
				GCC_WARN_UNUSED_FUNCTION = YES;
				GCC_WARN_UNUSED_VARIABLE = YES;
				IPHONEOS_DEPLOYMENT_TARGET = 8.3;
				PRODUCT_NAME = "Fuel Purchase";
				PROVISIONING_PROFILE = "0889e851-aaf0-45b3-ad8e-f5eef21ff25c";
				SDKROOT = iphoneos;
				VALIDATE_PRODUCT = YES;
			};
			name = Release;
		};
		18D6DFD617F68005006B300D /* Release */ = {
			isa = XCBuildConfiguration;
			baseConfigurationReference = C620C668F12CED8B0A128354 /* Pods.release.xcconfig */;
			buildSettings = {
				ASSETCATALOG_COMPILER_APPICON_NAME = AppIcon;
				ASSETCATALOG_COMPILER_LAUNCHIMAGE_NAME = LaunchImage;
				CODE_SIGN_IDENTITY = "iPhone Developer";
				"CODE_SIGN_IDENTITY[sdk=iphoneos*]" = "iPhone Developer";
				GCC_PRECOMPILE_PREFIX_HEADER = YES;
				GCC_PREFIX_HEADER = "fuelpurchase/PEFuelPurchase-App-Prefix.pch";
				INFOPLIST_FILE = "fuelpurchase/PEFuelPurchase-App-Info.plist";
				IPHONEOS_DEPLOYMENT_TARGET = 8.3;
				PRODUCT_NAME = "Fuel Purchase";
				PROVISIONING_PROFILE = "91539923-6643-4775-b330-3f093b6b45c5";
				TARGETED_DEVICE_FAMILY = 1;
				WRAPPER_EXTENSION = app;
			};
			name = Release;
		};
		CAE445AF1B216B9300FD9CD5 /* Debug */ = {
			isa = XCBuildConfiguration;
			baseConfigurationReference = E12E20B44758C744FA39A49C /* Pods.debug.xcconfig */;
			buildSettings = {
				ALWAYS_SEARCH_USER_PATHS = NO;
				CLANG_CXX_LANGUAGE_STANDARD = "gnu++0x";
				CLANG_CXX_LIBRARY = "libc++";
				CLANG_ENABLE_MODULES = YES;
				CLANG_ENABLE_OBJC_ARC = YES;
				CLANG_WARN_BOOL_CONVERSION = YES;
				CLANG_WARN_CONSTANT_CONVERSION = YES;
				CLANG_WARN_DIRECT_OBJC_ISA_USAGE = YES_ERROR;
				CLANG_WARN_EMPTY_BODY = YES;
				CLANG_WARN_ENUM_CONVERSION = YES;
				CLANG_WARN_INT_CONVERSION = YES;
				CLANG_WARN_OBJC_ROOT_CLASS = YES_ERROR;
				CLANG_WARN__DUPLICATE_METHOD_MATCH = YES;
				CODE_SIGN_IDENTITY = "iPhone Developer";
				"CODE_SIGN_IDENTITY[sdk=iphoneos*]" = "iPhone Developer";
				COPY_PHASE_STRIP = YES;
				ENABLE_NS_ASSERTIONS = NO;
				GCC_C_LANGUAGE_STANDARD = gnu99;
				GCC_WARN_64_TO_32_BIT_CONVERSION = YES;
				GCC_WARN_ABOUT_RETURN_TYPE = YES_ERROR;
				GCC_WARN_UNDECLARED_SELECTOR = YES;
				GCC_WARN_UNINITIALIZED_AUTOS = YES;
				GCC_WARN_UNUSED_FUNCTION = YES;
				GCC_WARN_UNUSED_VARIABLE = YES;
				IPHONEOS_DEPLOYMENT_TARGET = 8.3;
				ONLY_ACTIVE_ARCH = YES;
				PRODUCT_NAME = "Fuel Purchase";
				SDKROOT = iphoneos;
				VALIDATE_PRODUCT = YES;
			};
			name = Debug;
		};
		CAE445B01B216B9300FD9CD5 /* Debug */ = {
			isa = XCBuildConfiguration;
			baseConfigurationReference = E12E20B44758C744FA39A49C /* Pods.debug.xcconfig */;
			buildSettings = {
				ASSETCATALOG_COMPILER_APPICON_NAME = AppIcon;
				ASSETCATALOG_COMPILER_LAUNCHIMAGE_NAME = LaunchImage;
				CODE_SIGN_IDENTITY = "iPhone Developer";
				"CODE_SIGN_IDENTITY[sdk=iphoneos*]" = "iPhone Developer";
				GCC_PRECOMPILE_PREFIX_HEADER = YES;
				GCC_PREFIX_HEADER = "fuelpurchase/PEFuelPurchase-App-Prefix.pch";
				GCC_PREPROCESSOR_DEFINITIONS = (
					"$(inherited)",
					"COCOAPODS=1",
					"XCODE_VERSION=$(XCODE_VERSION_MAJOR)",
					"FP_DEV=1",
				);
				INFOPLIST_FILE = "fuelpurchase/PEFuelPurchase-App-Info.plist";
				IPHONEOS_DEPLOYMENT_TARGET = 8.3;
				PRODUCT_NAME = "Fuel Purchase";
				PROVISIONING_PROFILE = "";
				TARGETED_DEVICE_FAMILY = 1;
				WRAPPER_EXTENSION = app;
			};
			name = Debug;
		};
/* End XCBuildConfiguration section */

/* Begin XCConfigurationList section */
		18D6DFA317F68005006B300D /* Build configuration list for PBXProject "PEFuelPurchase-App" */ = {
			isa = XCConfigurationList;
			buildConfigurations = (
				18D6DFD317F68005006B300D /* Release */,
				CAE445AF1B216B9300FD9CD5 /* Debug */,
			);
			defaultConfigurationIsVisible = 0;
			defaultConfigurationName = Release;
		};
		18D6DFD417F68005006B300D /* Build configuration list for PBXNativeTarget "PEFuelPurchase-App" */ = {
			isa = XCConfigurationList;
			buildConfigurations = (
				18D6DFD617F68005006B300D /* Release */,
				CAE445B01B216B9300FD9CD5 /* Debug */,
			);
			defaultConfigurationIsVisible = 0;
			defaultConfigurationName = Release;
		};
/* End XCConfigurationList section */
	};
	rootObject = 18D6DFA017F68005006B300D /* Project object */;
}
